
Microsoft Visual Studio Solution File, Format Version 12.00
# Visual Studio Version 17
VisualStudioVersion = 17.8.34309.116
MinimumVisualStudioVersion = 10.0.40219.1
Project("{FAE04EC0-301F-11D3-BF4B-00C04F79EFBC}") = "ApiAuthenticationProject", "ApiAuthenticationProject.csproj", "{ED34B354-5CA9-473A-81BA-24C214499DB0}"
EndProject
Global
	GlobalSection(SolutionConfigurationPlatforms) = preSolution
		Debug|Any CPU = Debug|Any CPU
		Release|Any CPU = Release|Any CPU
	EndGlobalSection
	GlobalSection(ProjectConfigurationPlatforms) = postSolution
		{ED34B354-5CA9-473A-81BA-24C214499DB0}.Debug|Any CPU.ActiveCfg = Debug|Any CPU
		{ED34B354-5CA9-473A-81BA-24C214499DB0}.Debug|Any CPU.Build.0 = Debug|Any CPU
		{ED34B354-5CA9-473A-81BA-24C214499DB0}.Release|Any CPU.ActiveCfg = Release|Any CPU
		{ED34B354-5CA9-473A-81BA-24C214499DB0}.Release|Any CPU.Build.0 = Release|Any CPU
	EndGlobalSection
	GlobalSection(SolutionProperties) = preSolution
		HideSolutionNode = FALSE
	EndGlobalSection
	GlobalSection(ExtensibilityGlobals) = postSolution
		SolutionGuid = {98647086-051E-411D-82F7-AECC16966FEB}
	EndGlobalSection
EndGlobal
